// !$*UTF8*$!
{
	archiveVersion = 1;
	classes = {
	};
	objectVersion = 77;
	objects = {

/* Begin PBXBuildFile section */
		3CFE57522DFE3B0F0094D459 /* Alamofire in Frameworks */ = {isa = PBXBuildFile; productRef = 3CFE57512DFE3B0F0094D459 /* Alamofire */; };
/* End PBXBuildFile section */

/* Begin PBXContainerItemProxy section */
		3CFE57342DFE38560094D459 /* PBXContainerItemProxy */ = {
			isa = PBXContainerItemProxy;
			containerPortal = 3CFE571E2DFE38550094D459 /* Project object */;
			proxyType = 1;
			remoteGlobalIDString = 3CFE57252DFE38550094D459;
			remoteInfo = "Story Spinner";
		};
		3CFE573E2DFE38560094D459 /* PBXContainerItemProxy */ = {
			isa = PBXContainerItemProxy;
			containerPortal = 3CFE571E2DFE38550094D459 /* Project object */;
			proxyType = 1;
			remoteGlobalIDString = 3CFE57252DFE38550094D459;
			remoteInfo = "Story Spinner";
		};
/* End PBXContainerItemProxy section */

/* Begin PBXCopyFilesBuildPhase section */
		3CBD57652DFE3D27001E2207 /* Embed Frameworks */ = {
			isa = PBXCopyFilesBuildPhase;
			buildActionMask = 2147483647;
			dstPath = "";
			dstSubfolderSpec = 10;
			files = (
			);
			name = "Embed Frameworks";
			runOnlyForDeploymentPostprocessing = 0;
		};
/* End PBXCopyFilesBuildPhase section */

/* Begin PBXFileReference section */
		3CFE57262DFE38550094D459 /* Story Spinner.app */ = {isa = PBXFileReference; explicitFileType = wrapper.application; includeInIndex = 0; path = "Story Spinner.app"; sourceTree = BUILT_PRODUCTS_DIR; };
		3CFE57332DFE38560094D459 /* Story SpinnerTests.xctest */ = {isa = PBXFileReference; explicitFileType = wrapper.cfbundle; includeInIndex = 0; path = "Story SpinnerTests.xctest"; sourceTree = BUILT_PRODUCTS_DIR; };
		3CFE573D2DFE38560094D459 /* Story SpinnerUITests.xctest */ = {isa = PBXFileReference; explicitFileType = wrapper.cfbundle; includeInIndex = 0; path = "Story SpinnerUITests.xctest"; sourceTree = BUILT_PRODUCTS_DIR; };
/* End PBXFileReference section */

/* Begin PBXFileSystemSynchronizedRootGroup section */
		3CFE57282DFE38550094D459 /* Story Spinner */ = {
			isa = PBXFileSystemSynchronizedRootGroup;
			path = "Story Spinner";
			sourceTree = "<group>";
		};
		3CFE57362DFE38560094D459 /* Story SpinnerTests */ = {
			isa = PBXFileSystemSynchronizedRootGroup;
			path = "Story SpinnerTests";
			sourceTree = "<group>";
		};
		3CFE57402DFE38560094D459 /* Story SpinnerUITests */ = {
			isa = PBXFileSystemSynchronizedRootGroup;
			path = "Story SpinnerUITests";
			sourceTree = "<group>";
		};
/* End PBXFileSystemSynchronizedRootGroup section */

/* Begin PBXFrameworksBuildPhase section */
		3CFE57232DFE38550094D459 /* Frameworks */ = {
			isa = PBXFrameworksBuildPhase;
			buildActionMask = 2147483647;
			files = (
				3CFE57522DFE3B0F0094D459 /* Alamofire in Frameworks */,
			);
			runOnlyForDeploymentPostprocessing = 0;
		};
		3CFE57302DFE38560094D459 /* Frameworks */ = {
			isa = PBXFrameworksBuildPhase;
			buildActionMask = 2147483647;
			files = (
			);
			runOnlyForDeploymentPostprocessing = 0;
		};
		3CFE573A2DFE38560094D459 /* Frameworks */ = {
			isa = PBXFrameworksBuildPhase;
			buildActionMask = 2147483647;
			files = (
			);
			runOnlyForDeploymentPostprocessing = 0;
		};
/* End PBXFrameworksBuildPhase section */

/* Begin PBXGroup section */
		3CFE571D2DFE38550094D459 = {
			isa = PBXGroup;
			children = (
				3CFE57282DFE38550094D459 /* Story Spinner */,
				3CFE57362DFE38560094D459 /* Story SpinnerTests */,
				3CFE57402DFE38560094D459 /* Story SpinnerUITests */,
				3CFE57272DFE38550094D459 /* Products */,
			);
			sourceTree = "<group>";
		};
		3CFE57272DFE38550094D459 /* Products */ = {
			isa = PBXGroup;
			children = (
				3CFE57262DFE38550094D459 /* Story Spinner.app */,
				3CFE57332DFE38560094D459 /* Story SpinnerTests.xctest */,
				3CFE573D2DFE38560094D459 /* Story SpinnerUITests.xctest */,
			);
			name = Products;
			sourceTree = "<group>";
		};
/* End PBXGroup section */

/* Begin PBXNativeTarget section */
		3CFE57252DFE38550094D459 /* Story Spinner */ = {
			isa = PBXNativeTarget;
			buildConfigurationList = 3CFE57472DFE38560094D459 /* Build configuration list for PBXNativeTarget "Story Spinner" */;
			buildPhases = (
				3CFE57222DFE38550094D459 /* Sources */,
				3CFE57232DFE38550094D459 /* Frameworks */,
				3CFE57242DFE38550094D459 /* Resources */,
				3CBD57652DFE3D27001E2207 /* Embed Frameworks */,
			);
			buildRules = (
			);
			dependencies = (
			);
			fileSystemSynchronizedGroups = (
				3CFE57282DFE38550094D459 /* Story Spinner */,
			);
			name = "Story Spinner";
			packageProductDependencies = (
				3CFE57512DFE3B0F0094D459 /* Alamofire */,
			);
			productName = "Story Spinner";
			productReference = 3CFE57262DFE38550094D459 /* Story Spinner.app */;
			productType = "com.apple.product-type.application";
		};
		3CFE57322DFE38560094D459 /* Story SpinnerTests */ = {
			isa = PBXNativeTarget;
			buildConfigurationList = 3CFE574A2DFE38560094D459 /* Build configuration list for PBXNativeTarget "Story SpinnerTests" */;
			buildPhases = (
				3CFE572F2DFE38560094D459 /* Sources */,
				3CFE57302DFE38560094D459 /* Frameworks */,
				3CFE57312DFE38560094D459 /* Resources */,
			);
			buildRules = (
			);
			dependencies = (
				3CFE57352DFE38560094D459 /* PBXTargetDependency */,
			);
			fileSystemSynchronizedGroups = (
				3CFE57362DFE38560094D459 /* Story SpinnerTests */,
			);
			name = "Story SpinnerTests";
			packageProductDependencies = (
			);
			productName = "Story SpinnerTests";
			productReference = 3CFE57332DFE38560094D459 /* Story SpinnerTests.xctest */;
			productType = "com.apple.product-type.bundle.unit-test";
		};
		3CFE573C2DFE38560094D459 /* Story SpinnerUITests */ = {
			isa = PBXNativeTarget;
			buildConfigurationList = 3CFE574D2DFE38560094D459 /* Build configuration list for PBXNativeTarget "Story SpinnerUITests" */;
			buildPhases = (
				3CFE57392DFE38560094D459 /* Sources */,
				3CFE573A2DFE38560094D459 /* Frameworks */,
				3CFE573B2DFE38560094D459 /* Resources */,
			);
			buildRules = (
			);
			dependencies = (
				3CFE573F2DFE38560094D459 /* PBXTargetDependency */,
			);
			fileSystemSynchronizedGroups = (
				3CFE57402DFE38560094D459 /* Story SpinnerUITests */,
			);
			name = "Story SpinnerUITests";
			packageProductDependencies = (
			);
			productName = "Story SpinnerUITests";
			productReference = 3CFE573D2DFE38560094D459 /* Story SpinnerUITests.xctest */;
			productType = "com.apple.product-type.bundle.ui-testing";
		};
/* End PBXNativeTarget section */

/* Begin PBXProject section */
		3CFE571E2DFE38550094D459 /* Project object */ = {
			isa = PBXProject;
			attributes = {
				BuildIndependentTargetsInParallel = 1;
				LastSwiftUpdateCheck = 1640;
				LastUpgradeCheck = 1640;
				TargetAttributes = {
					3CFE57252DFE38550094D459 = {
						CreatedOnToolsVersion = 16.4;
					};
					3CFE57322DFE38560094D459 = {
						CreatedOnToolsVersion = 16.4;
						TestTargetID = 3CFE57252DFE38550094D459;
					};
					3CFE573C2DFE38560094D459 = {
						CreatedOnToolsVersion = 16.4;
						TestTargetID = 3CFE57252DFE38550094D459;
					};
				};
			};
			buildConfigurationList = 3CFE57212DFE38550094D459 /* Build configuration list for PBXProject "Story Spinner" */;
			developmentRegion = en;
			hasScannedForEncodings = 0;
			knownRegions = (
				en,
				Base,
			);
			mainGroup = 3CFE571D2DFE38550094D459;
			minimizedProjectReferenceProxies = 1;
			packageReferences = (
				3CFE57502DFE3B0F0094D459 /* XCRemoteSwiftPackageReference "Alamofire" */,
			);
			preferredProjectObjectVersion = 77;
			productRefGroup = 3CFE57272DFE38550094D459 /* Products */;
			projectDirPath = "";
			projectRoot = "";
			targets = (
				3CFE57252DFE38550094D459 /* Story Spinner */,
				3CFE57322DFE38560094D459 /* Story SpinnerTests */,
				3CFE573C2DFE38560094D459 /* Story SpinnerUITests */,
			);
		};
/* End PBXProject section */

/* Begin PBXResourcesBuildPhase section */
		3CFE57242DFE38550094D459 /* Resources */ = {
			isa = PBXResourcesBuildPhase;
			buildActionMask = 2147483647;
			files = (
			);
			runOnlyForDeploymentPostprocessing = 0;
		};
		3CFE57312DFE38560094D459 /* Resources */ = {
			isa = PBXResourcesBuildPhase;
			buildActionMask = 2147483647;
			files = (
			);
			runOnlyForDeploymentPostprocessing = 0;
		};
		3CFE573B2DFE38560094D459 /* Resources */ = {
			isa = PBXResourcesBuildPhase;
			buildActionMask = 2147483647;
			files = (
			);
			runOnlyForDeploymentPostprocessing = 0;
		};
/* End PBXResourcesBuildPhase section */

/* Begin PBXSourcesBuildPhase section */
		3CFE57222DFE38550094D459 /* Sources */ = {
			isa = PBXSourcesBuildPhase;
			buildActionMask = 2147483647;
			files = (
			);
			runOnlyForDeploymentPostprocessing = 0;
		};
		3CFE572F2DFE38560094D459 /* Sources */ = {
			isa = PBXSourcesBuildPhase;
			buildActionMask = 2147483647;
			files = (
			);
			runOnlyForDeploymentPostprocessing = 0;
		};
		3CFE57392DFE38560094D459 /* Sources */ = {
			isa = PBXSourcesBuildPhase;
			buildActionMask = 2147483647;
			files = (
			);
			runOnlyForDeploymentPostprocessing = 0;
		};
/* End PBXSourcesBuildPhase section */

/* Begin PBXTargetDependency section */
		3CFE57352DFE38560094D459 /* PBXTargetDependency */ = {
			isa = PBXTargetDependency;
			target = 3CFE57252DFE38550094D459 /* Story Spinner */;
			targetProxy = 3CFE57342DFE38560094D459 /* PBXContainerItemProxy */;
		};
		3CFE573F2DFE38560094D459 /* PBXTargetDependency */ = {
			isa = PBXTargetDependency;
			target = 3CFE57252DFE38550094D459 /* Story Spinner */;
			targetProxy = 3CFE573E2DFE38560094D459 /* PBXContainerItemProxy */;
		};
/* End PBXTargetDependency section */

/* Begin XCBuildConfiguration section */
		3CFE57452DFE38560094D459 /* Debug */ = {
			isa = XCBuildConfiguration;
			buildSettings = {
				ALWAYS_SEARCH_USER_PATHS = NO;
				ASSETCATALOG_COMPILER_GENERATE_SWIFT_ASSET_SYMBOL_EXTENSIONS = YES;
				CLANG_ANALYZER_NONNULL = YES;
				CLANG_ANALYZER_NUMBER_OBJECT_CONVERSION = YES_AGGRESSIVE;
				CLANG_CXX_LANGUAGE_STANDARD = "gnu++20";
				CLANG_ENABLE_MODULES = YES;
				CLANG_ENABLE_OBJC_ARC = YES;
				CLANG_ENABLE_OBJC_WEAK = YES;
				CLANG_WARN_BLOCK_CAPTURE_AUTORELEASING = YES;
				CLANG_WARN_BOOL_CONVERSION = YES;
				CLANG_WARN_COMMA = YES;
				CLANG_WARN_CONSTANT_CONVERSION = YES;
				CLANG_WARN_DEPRECATED_OBJC_IMPLEMENTATIONS = YES;
				CLANG_WARN_DIRECT_OBJC_ISA_USAGE = YES_ERROR;
				CLANG_WARN_DOCUMENTATION_COMMENTS = YES;
				CLANG_WARN_EMPTY_BODY = YES;
				CLANG_WARN_ENUM_CONVERSION = YES;
				CLANG_WARN_INFINITE_RECURSION = YES;
				CLANG_WARN_INT_CONVERSION = YES;
				CLANG_WARN_NON_LITERAL_NULL_CONVERSION = YES;
				CLANG_WARN_OBJC_IMPLICIT_RETAIN_SELF = YES;
				CLANG_WARN_OBJC_LITERAL_CONVERSION = YES;
				CLANG_WARN_OBJC_ROOT_CLASS = YES_ERROR;
				CLANG_WARN_QUOTED_INCLUDE_IN_FRAMEWORK_HEADER = YES;
				CLANG_WARN_RANGE_LOOP_ANALYSIS = YES;
				CLANG_WARN_STRICT_PROTOTYPES = YES;
				CLANG_WARN_SUSPICIOUS_MOVE = YES;
				CLANG_WARN_UNGUARDED_AVAILABILITY = YES_AGGRESSIVE;
				CLANG_WARN_UNREACHABLE_CODE = YES;
				CLANG_WARN__DUPLICATE_METHOD_MATCH = YES;
				COPY_PHASE_STRIP = NO;
				DEBUG_INFORMATION_FORMAT = dwarf;
				ENABLE_STRICT_OBJC_MSGSEND = YES;
				ENABLE_TESTABILITY = YES;
				ENABLE_USER_SCRIPT_SANDBOXING = YES;
				GCC_C_LANGUAGE_STANDARD = gnu17;
				GCC_DYNAMIC_NO_PIC = NO;
				GCC_NO_COMMON_BLOCKS = YES;
				GCC_OPTIMIZATION_LEVEL = 0;
				GCC_PREPROCESSOR_DEFINITIONS = (
					"DEBUG=1",
					"$(inherited)",
				);
				GCC_WARN_64_TO_32_BIT_CONVERSION = YES;
				GCC_WARN_ABOUT_RETURN_TYPE = YES_ERROR;
				GCC_WARN_UNDECLARED_SELECTOR = YES;
				GCC_WARN_UNINITIALIZED_AUTOS = YES_AGGRESSIVE;
				GCC_WARN_UNUSED_FUNCTION = YES;
				GCC_WARN_UNUSED_VARIABLE = YES;
				IPHONEOS_DEPLOYMENT_TARGET = 18.5;
				LOCALIZATION_PREFERS_STRING_CATALOGS = YES;
				MTL_ENABLE_DEBUG_INFO = INCLUDE_SOURCE;
				MTL_FAST_MATH = YES;
				ONLY_ACTIVE_ARCH = YES;
				SDKROOT = iphoneos;
				SWIFT_ACTIVE_COMPILATION_CONDITIONS = "DEBUG $(inherited)";
				SWIFT_OPTIMIZATION_LEVEL = "-Onone";
			};
			name = Debug;
		};
		3CFE57462DFE38560094D459 /* Release */ = {
			isa = XCBuildConfiguration;
			buildSettings = {
				ALWAYS_SEARCH_USER_PATHS = NO;
				ASSETCATALOG_COMPILER_GENERATE_SWIFT_ASSET_SYMBOL_EXTENSIONS = YES;
				CLANG_ANALYZER_NONNULL = YES;
				CLANG_ANALYZER_NUMBER_OBJECT_CONVERSION = YES_AGGRESSIVE;
				CLANG_CXX_LANGUAGE_STANDARD = "gnu++20";
				CLANG_ENABLE_MODULES = YES;
				CLANG_ENABLE_OBJC_ARC = YES;
				CLANG_ENABLE_OBJC_WEAK = YES;
				CLANG_WARN_BLOCK_CAPTURE_AUTORELEASING = YES;
				CLANG_WARN_BOOL_CONVERSION = YES;
				CLANG_WARN_COMMA = YES;
				CLANG_WARN_CONSTANT_CONVERSION = YES;
				CLANG_WARN_DEPRECATED_OBJC_IMPLEMENTATIONS = YES;
				CLANG_WARN_DIRECT_OBJC_ISA_USAGE = YES_ERROR;
				CLANG_WARN_DOCUMENTATION_COMMENTS = YES;
				CLANG_WARN_EMPTY_BODY = YES;
				CLANG_WARN_ENUM_CONVERSION = YES;
				CLANG_WARN_INFINITE_RECURSION = YES;
				CLANG_WARN_INT_CONVERSION = YES;
				CLANG_WARN_NON_LITERAL_NULL_CONVERSION = YES;
				CLANG_WARN_OBJC_IMPLICIT_RETAIN_SELF = YES;
				CLANG_WARN_OBJC_LITERAL_CONVERSION = YES;
				CLANG_WARN_OBJC_ROOT_CLASS = YES_ERROR;
				CLANG_WARN_QUOTED_INCLUDE_IN_FRAMEWORK_HEADER = YES;
				CLANG_WARN_RANGE_LOOP_ANALYSIS = YES;
				CLANG_WARN_STRICT_PROTOTYPES = YES;
				CLANG_WARN_SUSPICIOUS_MOVE = YES;
				CLANG_WARN_UNGUARDED_AVAILABILITY = YES_AGGRESSIVE;
				CLANG_WARN_UNREACHABLE_CODE = YES;
				CLANG_WARN__DUPLICATE_METHOD_MATCH = YES;
				COPY_PHASE_STRIP = NO;
				DEBUG_INFORMATION_FORMAT = "dwarf-with-dsym";
				ENABLE_NS_ASSERTIONS = NO;
				ENABLE_STRICT_OBJC_MSGSEND = YES;
				ENABLE_USER_SCRIPT_SANDBOXING = YES;
				GCC_C_LANGUAGE_STANDARD = gnu17;
				GCC_NO_COMMON_BLOCKS = YES;
				GCC_WARN_64_TO_32_BIT_CONVERSION = YES;
				GCC_WARN_ABOUT_RETURN_TYPE = YES_ERROR;
				GCC_WARN_UNDECLARED_SELECTOR = YES;
				GCC_WARN_UNINITIALIZED_AUTOS = YES_AGGRESSIVE;
				GCC_WARN_UNUSED_FUNCTION = YES;
				GCC_WARN_UNUSED_VARIABLE = YES;
				IPHONEOS_DEPLOYMENT_TARGET = 18.5;
				LOCALIZATION_PREFERS_STRING_CATALOGS = YES;
				MTL_ENABLE_DEBUG_INFO = NO;
				MTL_FAST_MATH = YES;
				SDKROOT = iphoneos;
				SWIFT_COMPILATION_MODE = wholemodule;
				VALIDATE_PRODUCT = YES;
			};
			name = Release;
		};
		3CFE57482DFE38560094D459 /* Debug */ = {
			isa = XCBuildConfiguration;
			buildSettings = {
				ASSETCATALOG_COMPILER_APPICON_NAME = AppIcon;
				ASSETCATALOG_COMPILER_GLOBAL_ACCENT_COLOR_NAME = AccentColor;
				CODE_SIGN_STYLE = Automatic;
				CURRENT_PROJECT_VERSION = 1;
				ENABLE_PREVIEWS = YES;
				GENERATE_INFOPLIST_FILE = YES;
				INFOPLIST_KEY_UIApplicationSceneManifest_Generation = YES;
				INFOPLIST_KEY_UIApplicationSupportsIndirectInputEvents = YES;
				INFOPLIST_KEY_UILaunchScreen_Generation = YES;
				INFOPLIST_KEY_UISupportedInterfaceOrientations_iPad = "UIInterfaceOrientationPortrait UIInterfaceOrientationPortraitUpsideDown UIInterfaceOrientationLandscapeLeft UIInterfaceOrientationLandscapeRight";
				INFOPLIST_KEY_UISupportedInterfaceOrientations_iPhone = "UIInterfaceOrientationPortrait UIInterfaceOrientationLandscapeLeft UIInterfaceOrientationLandscapeRight";
				LD_RUNPATH_SEARCH_PATHS = (
					"$(inherited)",
					"@executable_path/Frameworks",
				);
				MARKETING_VERSION = 1.0;
				PRODUCT_BUNDLE_IDENTIFIER = "Joseph-Tabora.Story-Spinner";
				PRODUCT_NAME = "$(TARGET_NAME)";
				SWIFT_EMIT_LOC_STRINGS = YES;
				SWIFT_VERSION = 5.0;
				TARGETED_DEVICE_FAMILY = "1,2";
			};
			name = Debug;
		};
		3CFE57492DFE38560094D459 /* Release */ = {
			isa = XCBuildConfiguration;
			buildSettings = {
				ASSETCATALOG_COMPILER_APPICON_NAME = AppIcon;
				ASSETCATALOG_COMPILER_GLOBAL_ACCENT_COLOR_NAME = AccentColor;
				CODE_SIGN_STYLE = Automatic;
				CURRENT_PROJECT_VERSION = 1;
				ENABLE_PREVIEWS = YES;
				GENERATE_INFOPLIST_FILE = YES;
				INFOPLIST_KEY_UIApplicationSceneManifest_Generation = YES;
				INFOPLIST_KEY_UIApplicationSupportsIndirectInputEvents = YES;
				INFOPLIST_KEY_UILaunchScreen_Generation = YES;
				INFOPLIST_KEY_UISupportedInterfaceOrientations_iPad = "UIInterfaceOrientationPortrait UIInterfaceOrientationPortraitUpsideDown UIInterfaceOrientationLandscapeLeft UIInterfaceOrientationLandscapeRight";
				INFOPLIST_KEY_UISupportedInterfaceOrientations_iPhone = "UIInterfaceOrientationPortrait UIInterfaceOrientationLandscapeLeft UIInterfaceOrientationLandscapeRight";
				LD_RUNPATH_SEARCH_PATHS = (
					"$(inherited)",
					"@executable_path/Frameworks",
				);
				MARKETING_VERSION = 1.0;
				PRODUCT_BUNDLE_IDENTIFIER = "Joseph-Tabora.Story-Spinner";
				PRODUCT_NAME = "$(TARGET_NAME)";
				SWIFT_EMIT_LOC_STRINGS = YES;
				SWIFT_VERSION = 5.0;
				TARGETED_DEVICE_FAMILY = "1,2";
			};
			name = Release;
		};
		3CFE574B2DFE38560094D459 /* Debug */ = {
			isa = XCBuildConfiguration;
			buildSettings = {
				BUNDLE_LOADER = "$(TEST_HOST)";
				CODE_SIGN_STYLE = Automatic;
				CURRENT_PROJECT_VERSION = 1;
				GENERATE_INFOPLIST_FILE = YES;
				IPHONEOS_DEPLOYMENT_TARGET = 18.5;
				MARKETING_VERSION = 1.0;
				PRODUCT_BUNDLE_IDENTIFIER = "Joseph-Tabora.Story-SpinnerTests";
				PRODUCT_NAME = "$(TARGET_NAME)";
				SWIFT_EMIT_LOC_STRINGS = NO;
				SWIFT_VERSION = 5.0;
				TARGETED_DEVICE_FAMILY = "1,2";
				TEST_HOST = "$(BUILT_PRODUCTS_DIR)/Story Spinner.app/$(BUNDLE_EXECUTABLE_FOLDER_PATH)/Story Spinner";
			};
			name = Debug;
		};
		3CFE574C2DFE38560094D459 /* Release */ = {
			isa = XCBuildConfiguration;
			buildSettings = {
				BUNDLE_LOADER = "$(TEST_HOST)";
				CODE_SIGN_STYLE = Automatic;
				CURRENT_PROJECT_VERSION = 1;
				GENERATE_INFOPLIST_FILE = YES;
				IPHONEOS_DEPLOYMENT_TARGET = 18.5;
				MARKETING_VERSION = 1.0;
				PRODUCT_BUNDLE_IDENTIFIER = "Joseph-Tabora.Story-SpinnerTests";
				PRODUCT_NAME = "$(TARGET_NAME)";
				SWIFT_EMIT_LOC_STRINGS = NO;
				SWIFT_VERSION = 5.0;
				TARGETED_DEVICE_FAMILY = "1,2";
				TEST_HOST = "$(BUILT_PRODUCTS_DIR)/Story Spinner.app/$(BUNDLE_EXECUTABLE_FOLDER_PATH)/Story Spinner";
			};
			name = Release;
		};
		3CFE574E2DFE38560094D459 /* Debug */ = {
			isa = XCBuildConfiguration;
			buildSettings = {
				CODE_SIGN_STYLE = Automatic;
				CURRENT_PROJECT_VERSION = 1;
				GENERATE_INFOPLIST_FILE = YES;
				MARKETING_VERSION = 1.0;
				PRODUCT_BUNDLE_IDENTIFIER = "Joseph-Tabora.Story-SpinnerUITests";
				PRODUCT_NAME = "$(TARGET_NAME)";
				SWIFT_EMIT_LOC_STRINGS = NO;
				SWIFT_VERSION = 5.0;
				TARGETED_DEVICE_FAMILY = "1,2";
				TEST_TARGET_NAME = "Story Spinner";
			};
			name = Debug;
		};
		3CFE574F2DFE38560094D459 /* Release */ = {
			isa = XCBuildConfiguration;
			buildSettings = {
				CODE_SIGN_STYLE = Automatic;
				CURRENT_PROJECT_VERSION = 1;
				GENERATE_INFOPLIST_FILE = YES;
				MARKETING_VERSION = 1.0;
				PRODUCT_BUNDLE_IDENTIFIER = "Joseph-Tabora.Story-SpinnerUITests";
				PRODUCT_NAME = "$(TARGET_NAME)";
				SWIFT_EMIT_LOC_STRINGS = NO;
				SWIFT_VERSION = 5.0;
				TARGETED_DEVICE_FAMILY = "1,2";
				TEST_TARGET_NAME = "Story Spinner";
			};
			name = Release;
		};
/* End XCBuildConfiguration section */

/* Begin XCConfigurationList section */
		3CFE57212DFE38550094D459 /* Build configuration list for PBXProject "Story Spinner" */ = {
			isa = XCConfigurationList;
			buildConfigurations = (
				3CFE57452DFE38560094D459 /* Debug */,
				3CFE57462DFE38560094D459 /* Release */,
			);
			defaultConfigurationIsVisible = 0;
			defaultConfigurationName = Release;
		};
		3CFE57472DFE38560094D459 /* Build configuration list for PBXNativeTarget "Story Spinner" */ = {
			isa = XCConfigurationList;
			buildConfigurations = (
				3CFE57482DFE38560094D459 /* Debug */,
				3CFE57492DFE38560094D459 /* Release */,
			);
			defaultConfigurationIsVisible = 0;
			defaultConfigurationName = Release;
		};
		3CFE574A2DFE38560094D459 /* Build configuration list for PBXNativeTarget "Story SpinnerTests" */ = {
			isa = XCConfigurationList;
			buildConfigurations = (
				3CFE574B2DFE38560094D459 /* Debug */,
				3CFE574C2DFE38560094D459 /* Release */,
			);
			defaultConfigurationIsVisible = 0;
			defaultConfigurationName = Release;
		};
		3CFE574D2DFE38560094D459 /* Build configuration list for PBXNativeTarget "Story SpinnerUITests" */ = {
			isa = XCConfigurationList;
			buildConfigurations = (
				3CFE574E2DFE38560094D459 /* Debug */,
				3CFE574F2DFE38560094D459 /* Release */,
			);
			defaultConfigurationIsVisible = 0;
			defaultConfigurationName = Release;
		};
/* End XCConfigurationList section */

/* Begin XCRemoteSwiftPackageReference section */
		3CFE57502DFE3B0F0094D459 /* XCRemoteSwiftPackageReference "Alamofire" */ = {
			isa = XCRemoteSwiftPackageReference;
			repositoryURL = "https://github.com/Alamofire/Alamofire.git";
			requirement = {
				kind = upToNextMajorVersion;
				minimumVersion = 5.10.2;
			};
		};
/* End XCRemoteSwiftPackageReference section */

/* Begin XCSwiftPackageProductDependency section */
		3CFE57512DFE3B0F0094D459 /* Alamofire */ = {
			isa = XCSwiftPackageProductDependency;
			package = 3CFE57502DFE3B0F0094D459 /* XCRemoteSwiftPackageReference "Alamofire" */;
			productName = Alamofire;
		};
/* End XCSwiftPackageProductDependency section */
	};
	rootObject = 3CFE571E2DFE38550094D459 /* Project object */;
}
